
Microsoft Visual Studio Solution File, Format Version 12.00
# Visual Studio Version 16
VisualStudioVersion = 16.0.30611.23
MinimumVisualStudioVersion = 10.0.40219.1
Project("{FAE04EC0-301F-11D3-BF4B-00C04F79EFBC}") = "Heaps", "Heaps\Heaps.csproj", "{17F10DB5-92DC-4BB5-A23D-80F298E3CA80}"
EndProject
Global
	GlobalSection(SolutionConfigurationPlatforms) = preSolution
		Debug|Any CPU = Debug|Any CPU
		Release|Any CPU = Release|Any CPU
	EndGlobalSection
	GlobalSection(ProjectConfigurationPlatforms) = postSolution
		{17F10DB5-92DC-4BB5-A23D-80F298E3CA80}.Debug|Any CPU.ActiveCfg = Debug|Any CPU
		{17F10DB5-92DC-4BB5-A23D-80F298E3CA80}.Debug|Any CPU.Build.0 = Debug|Any CPU
		{17F10DB5-92DC-4BB5-A23D-80F298E3CA80}.Release|Any CPU.ActiveCfg = Release|Any CPU
		{17F10DB5-92DC-4BB5-A23D-80F298E3CA80}.Release|Any CPU.Build.0 = Release|Any CPU
	EndGlobalSection
	GlobalSection(SolutionProperties) = preSolution
		HideSolutionNode = FALSE
	EndGlobalSection
	GlobalSection(ExtensibilityGlobals) = postSolution
		SolutionGuid = {38166146-37E7-4216-AE46-9E8786EDB5E0}
	EndGlobalSection
EndGlobal
